
Microsoft Visual Studio Solution File, Format Version 12.00
# Visual Studio Version 17
VisualStudioVersion = 17.3.32901.215
MinimumVisualStudioVersion = 10.0.40219.1
Project("{FAE04EC0-301F-11D3-BF4B-00C04F79EFBC}") = "Kinect_ColorStream", "Kinect_ColorStream\Kinect_ColorStream.csproj", "{4CD51567-52E8-4D71-A13F-6F118695F558}"
EndProject
Global
	GlobalSection(SolutionConfigurationPlatforms) = preSolution
		Debug|Any CPU = Debug|Any CPU
		Release|Any CPU = Release|Any CPU
	EndGlobalSection
	GlobalSection(ProjectConfigurationPlatforms) = postSolution
		{4CD51567-52E8-4D71-A13F-6F118695F558}.Debug|Any CPU.ActiveCfg = Debug|Any CPU
		{4CD51567-52E8-4D71-A13F-6F118695F558}.Debug|Any CPU.Build.0 = Debug|Any CPU
		{4CD51567-52E8-4D71-A13F-6F118695F558}.Release|Any CPU.ActiveCfg = Release|Any CPU
		{4CD51567-52E8-4D71-A13F-6F118695F558}.Release|Any CPU.Build.0 = Release|Any CPU
	EndGlobalSection
	GlobalSection(SolutionProperties) = preSolution
		HideSolutionNode = FALSE
	EndGlobalSection
	GlobalSection(ExtensibilityGlobals) = postSolution
		SolutionGuid = {534E9F1F-4FD3-4E83-9918-389CAD9AE512}
	EndGlobalSection
EndGlobal
