
Microsoft Visual Studio Solution File, Format Version 12.00
# Visual Studio Version 17
VisualStudioVersion = 17.3.32901.215
MinimumVisualStudioVersion = 10.0.40219.1
Project("{FAE04EC0-301F-11D3-BF4B-00C04F79EFBC}") = "KinectProject", "KinectProject.csproj", "{F774C030-58A6-4AB2-9EA0-5AC278268021}"
EndProject
Global
	GlobalSection(SolutionConfigurationPlatforms) = preSolution
		Debug|Any CPU = Debug|Any CPU
		Release|Any CPU = Release|Any CPU
	EndGlobalSection
	GlobalSection(ProjectConfigurationPlatforms) = postSolution
		{F774C030-58A6-4AB2-9EA0-5AC278268021}.Debug|Any CPU.ActiveCfg = Debug|Any CPU
		{F774C030-58A6-4AB2-9EA0-5AC278268021}.Debug|Any CPU.Build.0 = Debug|Any CPU
		{F774C030-58A6-4AB2-9EA0-5AC278268021}.Release|Any CPU.ActiveCfg = Release|Any CPU
		{F774C030-58A6-4AB2-9EA0-5AC278268021}.Release|Any CPU.Build.0 = Release|Any CPU
	EndGlobalSection
	GlobalSection(SolutionProperties) = preSolution
		HideSolutionNode = FALSE
	EndGlobalSection
	GlobalSection(ExtensibilityGlobals) = postSolution
		SolutionGuid = {EB6348F0-4E71-46DA-87F6-7A4C97152693}
	EndGlobalSection
EndGlobal
